// !$*UTF8*$!
{
	archiveVersion = 1;
	classes = {
	};
	objectVersion = 50;
	objects = {

/* Begin PBXBuildFile section */
		320E380326ED36EE00578FAA /* AppDelegate.swift in Sources */ = {isa = PBXBuildFile; fileRef = 320E380226ED36EE00578FAA /* AppDelegate.swift */; };
		320E380526ED36EE00578FAA /* SceneDelegate.swift in Sources */ = {isa = PBXBuildFile; fileRef = 320E380426ED36EE00578FAA /* SceneDelegate.swift */; };
		320E380726ED36EE00578FAA /* ViewController.swift in Sources */ = {isa = PBXBuildFile; fileRef = 320E380626ED36EE00578FAA /* ViewController.swift */; };
		320E380A26ED36EE00578FAA /* Main.storyboard in Resources */ = {isa = PBXBuildFile; fileRef = 320E380826ED36EE00578FAA /* Main.storyboard */; };
		320E380C26ED36EF00578FAA /* Assets.xcassets in Resources */ = {isa = PBXBuildFile; fileRef = 320E380B26ED36EF00578FAA /* Assets.xcassets */; };
		320E380F26ED36EF00578FAA /* LaunchScreen.storyboard in Resources */ = {isa = PBXBuildFile; fileRef = 320E380D26ED36EF00578FAA /* LaunchScreen.storyboard */; };
		324B436F26ED374D00F5A88F /* Sign.swift in Sources */ = {isa = PBXBuildFile; fileRef = 324B436E26ED374D00F5A88F /* Sign.swift */; };
		324B437126ED37FC00F5A88F /* GameState.swift in Sources */ = {isa = PBXBuildFile; fileRef = 324B437026ED37FC00F5A88F /* GameState.swift */; };
/* End PBXBuildFile section */

/* Begin PBXFileReference section */
		320E37FF26ED36EE00578FAA /* RPS.app */ = {isa = PBXFileReference; explicitFileType = wrapper.application; includeInIndex = 0; path = RPS.app; sourceTree = BUILT_PRODUCTS_DIR; };
		320E380226ED36EE00578FAA /* AppDelegate.swift */ = {isa = PBXFileReference; lastKnownFileType = sourcecode.swift; path = AppDelegate.swift; sourceTree = "<group>"; };
		320E380426ED36EE00578FAA /* SceneDelegate.swift */ = {isa = PBXFileReference; lastKnownFileType = sourcecode.swift; path = SceneDelegate.swift; sourceTree = "<group>"; };
		320E380626ED36EE00578FAA /* ViewController.swift */ = {isa = PBXFileReference; lastKnownFileType = sourcecode.swift; path = ViewController.swift; sourceTree = "<group>"; };
		320E380926ED36EE00578FAA /* Base */ = {isa = PBXFileReference; lastKnownFileType = file.storyboard; name = Base; path = Base.lproj/Main.storyboard; sourceTree = "<group>"; };
		320E380B26ED36EF00578FAA /* Assets.xcassets */ = {isa = PBXFileReference; lastKnownFileType = folder.assetcatalog; path = Assets.xcassets; sourceTree = "<group>"; };
		320E380E26ED36EF00578FAA /* Base */ = {isa = PBXFileReference; lastKnownFileType = file.storyboard; name = Base; path = Base.lproj/LaunchScreen.storyboard; sourceTree = "<group>"; };
		320E381026ED36EF00578FAA /* Info.plist */ = {isa = PBXFileReference; lastKnownFileType = text.plist.xml; path = Info.plist; sourceTree = "<group>"; };
		324B436E26ED374D00F5A88F /* Sign.swift */ = {isa = PBXFileReference; lastKnownFileType = sourcecode.swift; path = Sign.swift; sourceTree = "<group>"; };
		324B437026ED37FC00F5A88F /* GameState.swift */ = {isa = PBXFileReference; lastKnownFileType = sourcecode.swift; path = GameState.swift; sourceTree = "<group>"; };
/* End PBXFileReference section */

/* Begin PBXFrameworksBuildPhase section */
		320E37FC26ED36EE00578FAA /* Frameworks */ = {
			isa = PBXFrameworksBuildPhase;
			buildActionMask = 2147483647;
			files = (
			);
			runOnlyForDeploymentPostprocessing = 0;
		};
/* End PBXFrameworksBuildPhase section */

/* Begin PBXGroup section */
		320E37F626ED36EE00578FAA = {
			isa = PBXGroup;
			children = (
				320E380126ED36EE00578FAA /* RPS */,
				320E380026ED36EE00578FAA /* Products */,
			);
			sourceTree = "<group>";
		};
		320E380026ED36EE00578FAA /* Products */ = {
			isa = PBXGroup;
			children = (
				320E37FF26ED36EE00578FAA /* RPS.app */,
			);
			name = Products;
			sourceTree = "<group>";
		};
		320E380126ED36EE00578FAA /* RPS */ = {
			isa = PBXGroup;
			children = (
				320E380226ED36EE00578FAA /* AppDelegate.swift */,
				320E380426ED36EE00578FAA /* SceneDelegate.swift */,
				320E380626ED36EE00578FAA /* ViewController.swift */,
				320E380826ED36EE00578FAA /* Main.storyboard */,
				320E380B26ED36EF00578FAA /* Assets.xcassets */,
				320E380D26ED36EF00578FAA /* LaunchScreen.storyboard */,
				320E381026ED36EF00578FAA /* Info.plist */,
				324B436E26ED374D00F5A88F /* Sign.swift */,
				324B437026ED37FC00F5A88F /* GameState.swift */,
			);
			path = RPS;
			sourceTree = "<group>";
		};
/* End PBXGroup section */

/* Begin PBXNativeTarget section */
		320E37FE26ED36EE00578FAA /* RPS */ = {
			isa = PBXNativeTarget;
			buildConfigurationList = 320E381326ED36EF00578FAA /* Build configuration list for PBXNativeTarget "RPS" */;
			buildPhases = (
				320E37FB26ED36EE00578FAA /* Sources */,
				320E37FC26ED36EE00578FAA /* Frameworks */,
				320E37FD26ED36EE00578FAA /* Resources */,
			);
			buildRules = (
			);
			dependencies = (
			);
			name = RPS;
			productName = RPS;
			productReference = 320E37FF26ED36EE00578FAA /* RPS.app */;
			productType = "com.apple.product-type.application";
		};
/* End PBXNativeTarget section */

/* Begin PBXProject section */
		320E37F726ED36EE00578FAA /* Project object */ = {
			isa = PBXProject;
			attributes = {
				LastSwiftUpdateCheck = 1250;
				LastUpgradeCheck = 1250;
				TargetAttributes = {
					320E37FE26ED36EE00578FAA = {
						CreatedOnToolsVersion = 12.5.1;
					};
				};
			};
			buildConfigurationList = 320E37FA26ED36EE00578FAA /* Build configuration list for PBXProject "RPS" */;
			compatibilityVersion = "Xcode 9.3";
			developmentRegion = en;
			hasScannedForEncodings = 0;
			knownRegions = (
				en,
				Base,
			);
			mainGroup = 320E37F626ED36EE00578FAA;
			productRefGroup = 320E380026ED36EE00578FAA /* Products */;
			projectDirPath = "";
			projectRoot = "";
			targets = (
				320E37FE26ED36EE00578FAA /* RPS */,
			);
		};
/* End PBXProject section */

/* Begin PBXResourcesBuildPhase section */
		320E37FD26ED36EE00578FAA /* Resources */ = {
			isa = PBXResourcesBuildPhase;
			buildActionMask = 2147483647;
			files = (
				320E380F26ED36EF00578FAA /* LaunchScreen.storyboard in Resources */,
				320E380C26ED36EF00578FAA /* Assets.xcassets in Resources */,
				320E380A26ED36EE00578FAA /* Main.storyboard in Resources */,
			);
			runOnlyForDeploymentPostprocessing = 0;
		};
/* End PBXResourcesBuildPhase section */

/* Begin PBXSourcesBuildPhase section */
		320E37FB26ED36EE00578FAA /* Sources */ = {
			isa = PBXSourcesBuildPhase;
			buildActionMask = 2147483647;
			files = (
				320E380726ED36EE00578FAA /* ViewController.swift in Sources */,
				320E380326ED36EE00578FAA /* AppDelegate.swift in Sources */,
				324B437126ED37FC00F5A88F /* GameState.swift in Sources */,
				324B436F26ED374D00F5A88F /* Sign.swift in Sources */,
				320E380526ED36EE00578FAA /* SceneDelegate.swift in Sources */,
			);
			runOnlyForDeploymentPostprocessing = 0;
		};
/* End PBXSourcesBuildPhase section */

/* Begin PBXVariantGroup section */
		320E380826ED36EE00578FAA /* Main.storyboard */ = {
			isa = PBXVariantGroup;
			children = (
				320E380926ED36EE00578FAA /* Base */,
			);
			name = Main.storyboard;
			sourceTree = "<group>";
		};
		320E380D26ED36EF00578FAA /* LaunchScreen.storyboard */ = {
			isa = PBXVariantGroup;
			children = (
				320E380E26ED36EF00578FAA /* Base */,
			);
			name = LaunchScreen.storyboard;
			sourceTree = "<group>";
		};
/* End PBXVariantGroup section */

/* Begin XCBuildConfiguration section */
		320E381126ED36EF00578FAA /* Debug */ = {
			isa = XCBuildConfiguration;
			buildSettings = {
				ALWAYS_SEARCH_USER_PATHS = NO;
				CLANG_ANALYZER_NONNULL = YES;
				CLANG_ANALYZER_NUMBER_OBJECT_CONVERSION = YES_AGGRESSIVE;
				CLANG_CXX_LANGUAGE_STANDARD = "gnu++14";
				CLANG_CXX_LIBRARY = "libc++";
				CLANG_ENABLE_MODULES = YES;
				CLANG_ENABLE_OBJC_ARC = YES;
				CLANG_ENABLE_OBJC_WEAK = YES;
				CLANG_WARN_BLOCK_CAPTURE_AUTORELEASING = YES;
				CLANG_WARN_BOOL_CONVERSION = YES;
				CLANG_WARN_COMMA = YES;
				CLANG_WARN_CONSTANT_CONVERSION = YES;
				CLANG_WARN_DEPRECATED_OBJC_IMPLEMENTATIONS = YES;
				CLANG_WARN_DIRECT_OBJC_ISA_USAGE = YES_ERROR;
				CLANG_WARN_DOCUMENTATION_COMMENTS = YES;
				CLANG_WARN_EMPTY_BODY = YES;
				CLANG_WARN_ENUM_CONVERSION = YES;
				CLANG_WARN_INFINITE_RECURSION = YES;
				CLANG_WARN_INT_CONVERSION = YES;
				CLANG_WARN_NON_LITERAL_NULL_CONVERSION = YES;
				CLANG_WARN_OBJC_IMPLICIT_RETAIN_SELF = YES;
				CLANG_WARN_OBJC_LITERAL_CONVERSION = YES;
				CLANG_WARN_OBJC_ROOT_CLASS = YES_ERROR;
				CLANG_WARN_QUOTED_INCLUDE_IN_FRAMEWORK_HEADER = YES;
				CLANG_WARN_RANGE_LOOP_ANALYSIS = YES;
				CLANG_WARN_STRICT_PROTOTYPES = YES;
				CLANG_WARN_SUSPICIOUS_MOVE = YES;
				CLANG_WARN_UNGUARDED_AVAILABILITY = YES_AGGRESSIVE;
				CLANG_WARN_UNREACHABLE_CODE = YES;
				CLANG_WARN__DUPLICATE_METHOD_MATCH = YES;
				COPY_PHASE_STRIP = NO;
				DEBUG_INFORMATION_FORMAT = dwarf;
				ENABLE_STRICT_OBJC_MSGSEND = YES;
				ENABLE_TESTABILITY = YES;
				GCC_C_LANGUAGE_STANDARD = gnu11;
				GCC_DYNAMIC_NO_PIC = NO;
				GCC_NO_COMMON_BLOCKS = YES;
				GCC_OPTIMIZATION_LEVEL = 0;
				GCC_PREPROCESSOR_DEFINITIONS = (
					"DEBUG=1",
					"$(inherited)",
				);
				GCC_WARN_64_TO_32_BIT_CONVERSION = YES;
				GCC_WARN_ABOUT_RETURN_TYPE = YES_ERROR;
				GCC_WARN_UNDECLARED_SELECTOR = YES;
				GCC_WARN_UNINITIALIZED_AUTOS = YES_AGGRESSIVE;
				GCC_WARN_UNUSED_FUNCTION = YES;
				GCC_WARN_UNUSED_VARIABLE = YES;
				IPHONEOS_DEPLOYMENT_TARGET = 14.5;
				MTL_ENABLE_DEBUG_INFO = INCLUDE_SOURCE;
				MTL_FAST_MATH = YES;
				ONLY_ACTIVE_ARCH = YES;
				SDKROOT = iphoneos;
				SWIFT_ACTIVE_COMPILATION_CONDITIONS = DEBUG;
				SWIFT_OPTIMIZATION_LEVEL = "-Onone";
			};
			name = Debug;
		};
		320E381226ED36EF00578FAA /* Release */ = {
			isa = XCBuildConfiguration;
			buildSettings = {
				ALWAYS_SEARCH_USER_PATHS = NO;
				CLANG_ANALYZER_NONNULL = YES;
				CLANG_ANALYZER_NUMBER_OBJECT_CONVERSION = YES_AGGRESSIVE;
				CLANG_CXX_LANGUAGE_STANDARD = "gnu++14";
				CLANG_CXX_LIBRARY = "libc++";
				CLANG_ENABLE_MODULES = YES;
				CLANG_ENABLE_OBJC_ARC = YES;
				CLANG_ENABLE_OBJC_WEAK = YES;
				CLANG_WARN_BLOCK_CAPTURE_AUTORELEASING = YES;
				CLANG_WARN_BOOL_CONVERSION = YES;
				CLANG_WARN_COMMA = YES;
				CLANG_WARN_CONSTANT_CONVERSION = YES;
				CLANG_WARN_DEPRECATED_OBJC_IMPLEMENTATIONS = YES;
				CLANG_WARN_DIRECT_OBJC_ISA_USAGE = YES_ERROR;
				CLANG_WARN_DOCUMENTATION_COMMENTS = YES;
				CLANG_WARN_EMPTY_BODY = YES;
				CLANG_WARN_ENUM_CONVERSION = YES;
				CLANG_WARN_INFINITE_RECURSION = YES;
				CLANG_WARN_INT_CONVERSION = YES;
				CLANG_WARN_NON_LITERAL_NULL_CONVERSION = YES;
				CLANG_WARN_OBJC_IMPLICIT_RETAIN_SELF = YES;
				CLANG_WARN_OBJC_LITERAL_CONVERSION = YES;
				CLANG_WARN_OBJC_ROOT_CLASS = YES_ERROR;
				CLANG_WARN_QUOTED_INCLUDE_IN_FRAMEWORK_HEADER = YES;
				CLANG_WARN_RANGE_LOOP_ANALYSIS = YES;
				CLANG_WARN_STRICT_PROTOTYPES = YES;
				CLANG_WARN_SUSPICIOUS_MOVE = YES;
				CLANG_WARN_UNGUARDED_AVAILABILITY = YES_AGGRESSIVE;
				CLANG_WARN_UNREACHABLE_CODE = YES;
				CLANG_WARN__DUPLICATE_METHOD_MATCH = YES;
				COPY_PHASE_STRIP = NO;
				DEBUG_INFORMATION_FORMAT = "dwarf-with-dsym";
				ENABLE_NS_ASSERTIONS = NO;
				ENABLE_STRICT_OBJC_MSGSEND = YES;
				GCC_C_LANGUAGE_STANDARD = gnu11;
				GCC_NO_COMMON_BLOCKS = YES;
				GCC_WARN_64_TO_32_BIT_CONVERSION = YES;
				GCC_WARN_ABOUT_RETURN_TYPE = YES_ERROR;
				GCC_WARN_UNDECLARED_SELECTOR = YES;
				GCC_WARN_UNINITIALIZED_AUTOS = YES_AGGRESSIVE;
				GCC_WARN_UNUSED_FUNCTION = YES;
				GCC_WARN_UNUSED_VARIABLE = YES;
				IPHONEOS_DEPLOYMENT_TARGET = 14.5;
				MTL_ENABLE_DEBUG_INFO = NO;
				MTL_FAST_MATH = YES;
				SDKROOT = iphoneos;
				SWIFT_COMPILATION_MODE = wholemodule;
				SWIFT_OPTIMIZATION_LEVEL = "-O";
				VALIDATE_PRODUCT = YES;
			};
			name = Release;
		};
		320E381426ED36EF00578FAA /* Debug */ = {
			isa = XCBuildConfiguration;
			buildSettings = {
				ASSETCATALOG_COMPILER_APPICON_NAME = AppIcon;
				ASSETCATALOG_COMPILER_GLOBAL_ACCENT_COLOR_NAME = AccentColor;
				CODE_SIGN_STYLE = Automatic;
				DEVELOPMENT_TEAM = 44T6DTVUQU;
				INFOPLIST_FILE = RPS/Info.plist;
				LD_RUNPATH_SEARCH_PATHS = (
					"$(inherited)",
					"@executable_path/Frameworks",
				);
				PRODUCT_BUNDLE_IDENTIFIER = "msaboori-outlook.com.RPS";
				PRODUCT_NAME = "$(TARGET_NAME)";
				SWIFT_VERSION = 5.0;
				TARGETED_DEVICE_FAMILY = "1,2";
			};
			name = Debug;
		};
		320E381526ED36EF00578FAA /* Release */ = {
			isa = XCBuildConfiguration;
			buildSettings = {
				ASSETCATALOG_COMPILER_APPICON_NAME = AppIcon;
				ASSETCATALOG_COMPILER_GLOBAL_ACCENT_COLOR_NAME = AccentColor;
				CODE_SIGN_STYLE = Automatic;
				DEVELOPMENT_TEAM = 44T6DTVUQU;
				INFOPLIST_FILE = RPS/Info.plist;
				LD_RUNPATH_SEARCH_PATHS = (
					"$(inherited)",
					"@executable_path/Frameworks",
				);
				PRODUCT_BUNDLE_IDENTIFIER = "msaboori-outlook.com.RPS";
				PRODUCT_NAME = "$(TARGET_NAME)";
				SWIFT_VERSION = 5.0;
				TARGETED_DEVICE_FAMILY = "1,2";
			};
			name = Release;
		};
/* End XCBuildConfiguration section */

/* Begin XCConfigurationList section */
		320E37FA26ED36EE00578FAA /* Build configuration list for PBXProject "RPS" */ = {
			isa = XCConfigurationList;
			buildConfigurations = (
				320E381126ED36EF00578FAA /* Debug */,
				320E381226ED36EF00578FAA /* Release */,
			);
			defaultConfigurationIsVisible = 0;
			defaultConfigurationName = Release;
		};
		320E381326ED36EF00578FAA /* Build configuration list for PBXNativeTarget "RPS" */ = {
			isa = XCConfigurationList;
			buildConfigurations = (
				320E381426ED36EF00578FAA /* Debug */,
				320E381526ED36EF00578FAA /* Release */,
			);
			defaultConfigurationIsVisible = 0;
			defaultConfigurationName = Release;
		};
/* End XCConfigurationList section */
	};
	rootObject = 320E37F726ED36EE00578FAA /* Project object */;
}
